
Microsoft Visual Studio Solution File, Format Version 12.00
# Visual Studio 2013
VisualStudioVersion = 12.0.21005.1
MinimumVisualStudioVersion = 10.0.40219.1
Project("{FAE04EC0-301F-11D3-BF4B-00C04F79EFBC}") = "Quiron.LojaVirtual.Dominio", "Quiron.LojaVirtual.Dominio\Quiron.LojaVirtual.Dominio.csproj", "{D93BCFA7-6285-46EB-A931-79593E28404C}"
EndProject
Project("{FAE04EC0-301F-11D3-BF4B-00C04F79EFBC}") = "Quiron.LojaVirtual.Web", "Quiron.LojaVirtual.Web\Quiron.LojaVirtual.Web.csproj", "{DFD900AA-D009-496D-B500-73AD4E9D9F0B}"
EndProject
Project("{FAE04EC0-301F-11D3-BF4B-00C04F79EFBC}") = "Quiron.LojaVirtual.UnitTest", "Quiron.LojaVirtual.UnitTest\Quiron.LojaVirtual.UnitTest.csproj", "{5E25F2B0-2D3F-4C94-A0F1-F494B675B163}"
EndProject
Global
	GlobalSection(SolutionConfigurationPlatforms) = preSolution
		Debug|Any CPU = Debug|Any CPU
		Release|Any CPU = Release|Any CPU
	EndGlobalSection
	GlobalSection(ProjectConfigurationPlatforms) = postSolution
		{D93BCFA7-6285-46EB-A931-79593E28404C}.Debug|Any CPU.ActiveCfg = Debug|Any CPU
		{D93BCFA7-6285-46EB-A931-79593E28404C}.Debug|Any CPU.Build.0 = Debug|Any CPU
		{D93BCFA7-6285-46EB-A931-79593E28404C}.Release|Any CPU.ActiveCfg = Release|Any CPU
		{D93BCFA7-6285-46EB-A931-79593E28404C}.Release|Any CPU.Build.0 = Release|Any CPU
		{DFD900AA-D009-496D-B500-73AD4E9D9F0B}.Debug|Any CPU.ActiveCfg = Debug|Any CPU
		{DFD900AA-D009-496D-B500-73AD4E9D9F0B}.Debug|Any CPU.Build.0 = Debug|Any CPU
		{DFD900AA-D009-496D-B500-73AD4E9D9F0B}.Release|Any CPU.ActiveCfg = Release|Any CPU
		{DFD900AA-D009-496D-B500-73AD4E9D9F0B}.Release|Any CPU.Build.0 = Release|Any CPU
		{5E25F2B0-2D3F-4C94-A0F1-F494B675B163}.Debug|Any CPU.ActiveCfg = Debug|Any CPU
		{5E25F2B0-2D3F-4C94-A0F1-F494B675B163}.Debug|Any CPU.Build.0 = Debug|Any CPU
		{5E25F2B0-2D3F-4C94-A0F1-F494B675B163}.Release|Any CPU.ActiveCfg = Release|Any CPU
		{5E25F2B0-2D3F-4C94-A0F1-F494B675B163}.Release|Any CPU.Build.0 = Release|Any CPU
	EndGlobalSection
	GlobalSection(SolutionProperties) = preSolution
		HideSolutionNode = FALSE
	EndGlobalSection
EndGlobal
